
Microsoft Visual Studio Solution File, Format Version 12.00
# Visual Studio 15
VisualStudioVersion = 15.0.28307.271
MinimumVisualStudioVersion = 10.0.40219.1
Project("{FAE04EC0-301F-11D3-BF4B-00C04F79EFBC}") = "WindowsFormsApp1", "WindowsFormsApp1\WindowsFormsApp1.csproj", "{ADE1DDF9-CBE4-4CCA-AA64-50CA2D28B4D3}"
EndProject
Project("{FAE04EC0-301F-11D3-BF4B-00C04F79EFBC}") = "ESC-TK", "ESC-TK\ESC-TK.csproj", "{5D2D17B5-88C6-4084-9A55-5238BB0BD10F}"
EndProject
Project("{FAE04EC0-301F-11D3-BF4B-00C04F79EFBC}") = "SCTool", "SCTool\SCTool.csproj", "{43BD9F4D-C5E8-4031-A75E-3BAE2A78353D}"
EndProject
Project("{FAE04EC0-301F-11D3-BF4B-00C04F79EFBC}") = "Virtual Car", "..\..\..\SVN\VirtualCar\Virtual Car\Virtual Car.csproj", "{72EE8BB3-7703-488A-AD75-6A3D36C5B58C}"
EndProject
Global
	GlobalSection(SolutionConfigurationPlatforms) = preSolution
		Debug|Any CPU = Debug|Any CPU
		Release|Any CPU = Release|Any CPU
	EndGlobalSection
	GlobalSection(ProjectConfigurationPlatforms) = postSolution
		{ADE1DDF9-CBE4-4CCA-AA64-50CA2D28B4D3}.Debug|Any CPU.ActiveCfg = Debug|Any CPU
		{ADE1DDF9-CBE4-4CCA-AA64-50CA2D28B4D3}.Debug|Any CPU.Build.0 = Debug|Any CPU
		{ADE1DDF9-CBE4-4CCA-AA64-50CA2D28B4D3}.Release|Any CPU.ActiveCfg = Release|Any CPU
		{ADE1DDF9-CBE4-4CCA-AA64-50CA2D28B4D3}.Release|Any CPU.Build.0 = Release|Any CPU
		{5D2D17B5-88C6-4084-9A55-5238BB0BD10F}.Debug|Any CPU.ActiveCfg = Debug|Any CPU
		{5D2D17B5-88C6-4084-9A55-5238BB0BD10F}.Debug|Any CPU.Build.0 = Debug|Any CPU
		{5D2D17B5-88C6-4084-9A55-5238BB0BD10F}.Release|Any CPU.ActiveCfg = Release|Any CPU
		{5D2D17B5-88C6-4084-9A55-5238BB0BD10F}.Release|Any CPU.Build.0 = Release|Any CPU
		{43BD9F4D-C5E8-4031-A75E-3BAE2A78353D}.Debug|Any CPU.ActiveCfg = Debug|Any CPU
		{43BD9F4D-C5E8-4031-A75E-3BAE2A78353D}.Debug|Any CPU.Build.0 = Debug|Any CPU
		{43BD9F4D-C5E8-4031-A75E-3BAE2A78353D}.Release|Any CPU.ActiveCfg = Release|Any CPU
		{43BD9F4D-C5E8-4031-A75E-3BAE2A78353D}.Release|Any CPU.Build.0 = Release|Any CPU
		{72EE8BB3-7703-488A-AD75-6A3D36C5B58C}.Debug|Any CPU.ActiveCfg = Debug|Any CPU
		{72EE8BB3-7703-488A-AD75-6A3D36C5B58C}.Debug|Any CPU.Build.0 = Debug|Any CPU
		{72EE8BB3-7703-488A-AD75-6A3D36C5B58C}.Release|Any CPU.ActiveCfg = Release|Any CPU
		{72EE8BB3-7703-488A-AD75-6A3D36C5B58C}.Release|Any CPU.Build.0 = Release|Any CPU
	EndGlobalSection
	GlobalSection(SolutionProperties) = preSolution
		HideSolutionNode = FALSE
	EndGlobalSection
	GlobalSection(ExtensibilityGlobals) = postSolution
		SolutionGuid = {88F8625C-AFD2-4F54-91C2-1453F2C1CE05}
	EndGlobalSection
EndGlobal
